// !$*UTF8*$!
{
	archiveVersion = 1;
	classes = {
	};
	objectVersion = 77;
	objects = {

/* Begin PBXBuildFile section */
		10D122AD6B0A8F973E0B9C74 /* AdminAppState.swift in Sources */ = {isa = PBXBuildFile; fileRef = 7E279E8412A6AEA6953EEA6E /* AdminAppState.swift */; };
		3912239E43A08809766147FE /* AdminAuthView.swift in Sources */ = {isa = PBXBuildFile; fileRef = D98DB338BECE8BDCD0CFFB8B /* AdminAuthView.swift */; };
		3B102807DED2CE773D01CEBF /* ReportsListView.swift in Sources */ = {isa = PBXBuildFile; fileRef = A35778036C35C675E09C6EAA /* ReportsListView.swift */; };
		63D24760526F09363882D946 /* CampreservUI in Frameworks */ = {isa = PBXBuildFile; productRef = 691F645BF969C0A72C1B533D /* CampreservUI */; };
		6E52EB360653B750203620A8 /* CampreservCore in Frameworks */ = {isa = PBXBuildFile; productRef = 288B44F7598B36DB00270198 /* CampreservCore */; };
		8081C3759331DD5814B98FD2 /* CampreservAdminApp.swift in Sources */ = {isa = PBXBuildFile; fileRef = 65C2813D0F92C103AA11866D /* CampreservAdminApp.swift */; };
		B336AC8EA36D5ED957A089BD /* AdminDashboardView.swift in Sources */ = {isa = PBXBuildFile; fileRef = D6C779047776BBE40D1726C4 /* AdminDashboardView.swift */; };
/* End PBXBuildFile section */

/* Begin PBXFileReference section */
		475E97A3B9A827BB29241DF4 /* CampreservUI */ = {isa = PBXFileReference; lastKnownFileType = folder; name = CampreservUI; path = ../Packages/CampreservUI; sourceTree = SOURCE_ROOT; };
		65C2813D0F92C103AA11866D /* CampreservAdminApp.swift */ = {isa = PBXFileReference; lastKnownFileType = sourcecode.swift; path = CampreservAdminApp.swift; sourceTree = "<group>"; };
		7CBAFE1283F702113E0985A7 /* CampreservAdmin.app */ = {isa = PBXFileReference; includeInIndex = 0; lastKnownFileType = wrapper.application; path = CampreservAdmin.app; sourceTree = BUILT_PRODUCTS_DIR; };
		7E279E8412A6AEA6953EEA6E /* AdminAppState.swift */ = {isa = PBXFileReference; lastKnownFileType = sourcecode.swift; path = AdminAppState.swift; sourceTree = "<group>"; };
		895842D63DB553F1768AC116 /* CampreservCore */ = {isa = PBXFileReference; lastKnownFileType = folder; name = CampreservCore; path = ../Packages/CampreservCore; sourceTree = SOURCE_ROOT; };
		A35778036C35C675E09C6EAA /* ReportsListView.swift */ = {isa = PBXFileReference; lastKnownFileType = sourcecode.swift; path = ReportsListView.swift; sourceTree = "<group>"; };
		D6C779047776BBE40D1726C4 /* AdminDashboardView.swift */ = {isa = PBXFileReference; lastKnownFileType = sourcecode.swift; path = AdminDashboardView.swift; sourceTree = "<group>"; };
		D98DB338BECE8BDCD0CFFB8B /* AdminAuthView.swift */ = {isa = PBXFileReference; lastKnownFileType = sourcecode.swift; path = AdminAuthView.swift; sourceTree = "<group>"; };
/* End PBXFileReference section */

/* Begin PBXFrameworksBuildPhase section */
		1C6B0428E0669DA7A70C9967 /* Frameworks */ = {
			isa = PBXFrameworksBuildPhase;
			buildActionMask = 2147483647;
			files = (
				6E52EB360653B750203620A8 /* CampreservCore in Frameworks */,
				63D24760526F09363882D946 /* CampreservUI in Frameworks */,
			);
			runOnlyForDeploymentPostprocessing = 0;
		};
/* End PBXFrameworksBuildPhase section */

/* Begin PBXGroup section */
		4661A83A4D35CCDC566B77BA /* Auth */ = {
			isa = PBXGroup;
			children = (
				D98DB338BECE8BDCD0CFFB8B /* AdminAuthView.swift */,
			);
			path = Auth;
			sourceTree = "<group>";
		};
		49C3D72CFD18FF971A7804B1 = {
			isa = PBXGroup;
			children = (
				8860245C8A0A2910065A6DB8 /* CampreservAdmin */,
				6167388AC7EEAA39B4F4305C /* Packages */,
				DAD85D513F0DE80F8728E9EA /* Products */,
			);
			sourceTree = "<group>";
		};
		6167388AC7EEAA39B4F4305C /* Packages */ = {
			isa = PBXGroup;
			children = (
				895842D63DB553F1768AC116 /* CampreservCore */,
				475E97A3B9A827BB29241DF4 /* CampreservUI */,
			);
			name = Packages;
			sourceTree = "<group>";
		};
		8860245C8A0A2910065A6DB8 /* CampreservAdmin */ = {
			isa = PBXGroup;
			children = (
				E94CA5FED2A4DB69B7DDBCD1 /* App */,
				8B57AF7A3A1B83FBF17BDF88 /* Features */,
			);
			path = CampreservAdmin;
			sourceTree = "<group>";
		};
		8B57AF7A3A1B83FBF17BDF88 /* Features */ = {
			isa = PBXGroup;
			children = (
				4661A83A4D35CCDC566B77BA /* Auth */,
				94EAAC6C2EFF1F8898563BC0 /* Dashboard */,
				DDD396C3C358737BF122204F /* Reports */,
			);
			path = Features;
			sourceTree = "<group>";
		};
		94EAAC6C2EFF1F8898563BC0 /* Dashboard */ = {
			isa = PBXGroup;
			children = (
				D6C779047776BBE40D1726C4 /* AdminDashboardView.swift */,
			);
			path = Dashboard;
			sourceTree = "<group>";
		};
		DAD85D513F0DE80F8728E9EA /* Products */ = {
			isa = PBXGroup;
			children = (
				7CBAFE1283F702113E0985A7 /* CampreservAdmin.app */,
			);
			name = Products;
			sourceTree = "<group>";
		};
		DDD396C3C358737BF122204F /* Reports */ = {
			isa = PBXGroup;
			children = (
				A35778036C35C675E09C6EAA /* ReportsListView.swift */,
			);
			path = Reports;
			sourceTree = "<group>";
		};
		E94CA5FED2A4DB69B7DDBCD1 /* App */ = {
			isa = PBXGroup;
			children = (
				7E279E8412A6AEA6953EEA6E /* AdminAppState.swift */,
				65C2813D0F92C103AA11866D /* CampreservAdminApp.swift */,
			);
			path = App;
			sourceTree = "<group>";
		};
/* End PBXGroup section */

/* Begin PBXNativeTarget section */
		0439509632EE42E4CF969EE8 /* CampreservAdmin */ = {
			isa = PBXNativeTarget;
			buildConfigurationList = 36F2A30082088966967E0A0D /* Build configuration list for PBXNativeTarget "CampreservAdmin" */;
			buildPhases = (
				18C6819B4858D23213A7F614 /* Sources */,
				1C6B0428E0669DA7A70C9967 /* Frameworks */,
			);
			buildRules = (
			);
			dependencies = (
			);
			name = CampreservAdmin;
			packageProductDependencies = (
				288B44F7598B36DB00270198 /* CampreservCore */,
				691F645BF969C0A72C1B533D /* CampreservUI */,
			);
			productName = CampreservAdmin;
			productReference = 7CBAFE1283F702113E0985A7 /* CampreservAdmin.app */;
			productType = "com.apple.product-type.application";
		};
/* End PBXNativeTarget section */

/* Begin PBXProject section */
		E72F16E7FE5DBED7B9E4FCA7 /* Project object */ = {
			isa = PBXProject;
			attributes = {
				BuildIndependentTargetsInParallel = YES;
				LastUpgradeCheck = 1500;
				TargetAttributes = {
					0439509632EE42E4CF969EE8 = {
						DevelopmentTeam = "";
						ProvisioningStyle = Automatic;
					};
				};
			};
			buildConfigurationList = 5A82BB9BEBCA60CAAB94D28E /* Build configuration list for PBXProject "CampreservAdmin" */;
			compatibilityVersion = "Xcode 14.0";
			developmentRegion = en;
			hasScannedForEncodings = 0;
			knownRegions = (
				Base,
				en,
			);
			mainGroup = 49C3D72CFD18FF971A7804B1;
			minimizedProjectReferenceProxies = 1;
			packageReferences = (
				D56102E0E65143445142C68F /* XCLocalSwiftPackageReference "../Packages/CampreservCore" */,
				DB6D8B1AA9C2BACA9B00FBB3 /* XCLocalSwiftPackageReference "../Packages/CampreservUI" */,
			);
			preferredProjectObjectVersion = 77;
			projectDirPath = "";
			projectRoot = "";
			targets = (
				0439509632EE42E4CF969EE8 /* CampreservAdmin */,
			);
		};
/* End PBXProject section */

/* Begin PBXSourcesBuildPhase section */
		18C6819B4858D23213A7F614 /* Sources */ = {
			isa = PBXSourcesBuildPhase;
			buildActionMask = 2147483647;
			files = (
				10D122AD6B0A8F973E0B9C74 /* AdminAppState.swift in Sources */,
				3912239E43A08809766147FE /* AdminAuthView.swift in Sources */,
				B336AC8EA36D5ED957A089BD /* AdminDashboardView.swift in Sources */,
				8081C3759331DD5814B98FD2 /* CampreservAdminApp.swift in Sources */,
				3B102807DED2CE773D01CEBF /* ReportsListView.swift in Sources */,
			);
			runOnlyForDeploymentPostprocessing = 0;
		};
/* End PBXSourcesBuildPhase section */

/* Begin XCBuildConfiguration section */
		5E8B23F6A610A43E0DDB1F7F /* Debug */ = {
			isa = XCBuildConfiguration;
			buildSettings = {
				ASSETCATALOG_COMPILER_APPICON_NAME = AppIcon;
				CODE_SIGN_IDENTITY = "iPhone Developer";
				GENERATE_INFOPLIST_FILE = YES;
				INFOPLIST_KEY_UIApplicationSceneManifest_Generation = YES;
				INFOPLIST_KEY_UIApplicationSupportsIndirectInputEvents = YES;
				INFOPLIST_KEY_UILaunchScreen_Generation = YES;
				INFOPLIST_KEY_UISupportedInterfaceOrientations_iPad = "UIInterfaceOrientationPortrait UIInterfaceOrientationPortraitUpsideDown UIInterfaceOrientationLandscapeLeft UIInterfaceOrientationLandscapeRight";
				INFOPLIST_KEY_UISupportedInterfaceOrientations_iPhone = "UIInterfaceOrientationPortrait UIInterfaceOrientationLandscapeLeft UIInterfaceOrientationLandscapeRight";
				LD_RUNPATH_SEARCH_PATHS = (
					"$(inherited)",
					"@executable_path/Frameworks",
				);
				PRODUCT_BUNDLE_IDENTIFIER = com.campreserv.admin;
				SDKROOT = iphoneos;
				SWIFT_EMIT_LOC_STRINGS = YES;
				TARGETED_DEVICE_FAMILY = "1,2";
			};
			name = Debug;
		};
		76A09EC5BCE44AB0567CEE8E /* Debug */ = {
			isa = XCBuildConfiguration;
			buildSettings = {
				ALWAYS_SEARCH_USER_PATHS = NO;
				CLANG_ANALYZER_NONNULL = YES;
				CLANG_ANALYZER_NUMBER_OBJECT_CONVERSION = YES_AGGRESSIVE;
				CLANG_CXX_LANGUAGE_STANDARD = "gnu++14";
				CLANG_CXX_LIBRARY = "libc++";
				CLANG_ENABLE_MODULES = YES;
				CLANG_ENABLE_OBJC_ARC = YES;
				CLANG_ENABLE_OBJC_WEAK = YES;
				CLANG_WARN_BLOCK_CAPTURE_AUTORELEASING = YES;
				CLANG_WARN_BOOL_CONVERSION = YES;
				CLANG_WARN_COMMA = YES;
				CLANG_WARN_CONSTANT_CONVERSION = YES;
				CLANG_WARN_DEPRECATED_OBJC_IMPLEMENTATIONS = YES;
				CLANG_WARN_DIRECT_OBJC_ISA_USAGE = YES_ERROR;
				CLANG_WARN_DOCUMENTATION_COMMENTS = YES;
				CLANG_WARN_EMPTY_BODY = YES;
				CLANG_WARN_ENUM_CONVERSION = YES;
				CLANG_WARN_INFINITE_RECURSION = YES;
				CLANG_WARN_INT_CONVERSION = YES;
				CLANG_WARN_NON_LITERAL_NULL_CONVERSION = YES;
				CLANG_WARN_OBJC_IMPLICIT_RETAIN_SELF = YES;
				CLANG_WARN_OBJC_LITERAL_CONVERSION = YES;
				CLANG_WARN_OBJC_ROOT_CLASS = YES_ERROR;
				CLANG_WARN_QUOTED_INCLUDE_IN_FRAMEWORK_HEADER = YES;
				CLANG_WARN_RANGE_LOOP_ANALYSIS = YES;
				CLANG_WARN_STRICT_PROTOTYPES = YES;
				CLANG_WARN_SUSPICIOUS_MOVE = YES;
				CLANG_WARN_UNGUARDED_AVAILABILITY = YES_AGGRESSIVE;
				CLANG_WARN_UNREACHABLE_CODE = YES;
				CLANG_WARN__DUPLICATE_METHOD_MATCH = YES;
				CODE_SIGN_STYLE = Automatic;
				COPY_PHASE_STRIP = NO;
				CURRENT_PROJECT_VERSION = 1;
				DEBUG_INFORMATION_FORMAT = dwarf;
				DEVELOPMENT_TEAM = "";
				ENABLE_STRICT_OBJC_MSGSEND = YES;
				ENABLE_TESTABILITY = YES;
				GCC_C_LANGUAGE_STANDARD = gnu11;
				GCC_DYNAMIC_NO_PIC = NO;
				GCC_NO_COMMON_BLOCKS = YES;
				GCC_OPTIMIZATION_LEVEL = 0;
				GCC_PREPROCESSOR_DEFINITIONS = (
					"$(inherited)",
					"DEBUG=1",
				);
				GCC_WARN_64_TO_32_BIT_CONVERSION = YES;
				GCC_WARN_ABOUT_RETURN_TYPE = YES_ERROR;
				GCC_WARN_UNDECLARED_SELECTOR = YES;
				GCC_WARN_UNINITIALIZED_AUTOS = YES_AGGRESSIVE;
				GCC_WARN_UNUSED_FUNCTION = YES;
				GCC_WARN_UNUSED_VARIABLE = YES;
				IPHONEOS_DEPLOYMENT_TARGET = 16.0;
				MARKETING_VERSION = 1.0.0;
				MTL_ENABLE_DEBUG_INFO = INCLUDE_SOURCE;
				MTL_FAST_MATH = YES;
				ONLY_ACTIVE_ARCH = YES;
				PRODUCT_NAME = "$(TARGET_NAME)";
				SDKROOT = iphoneos;
				SWIFT_ACTIVE_COMPILATION_CONDITIONS = DEBUG;
				SWIFT_OPTIMIZATION_LEVEL = "-Onone";
				SWIFT_VERSION = 5.0;
			};
			name = Debug;
		};
		B28A2CB106EBDE4BE19488B7 /* Release */ = {
			isa = XCBuildConfiguration;
			buildSettings = {
				ALWAYS_SEARCH_USER_PATHS = NO;
				CLANG_ANALYZER_NONNULL = YES;
				CLANG_ANALYZER_NUMBER_OBJECT_CONVERSION = YES_AGGRESSIVE;
				CLANG_CXX_LANGUAGE_STANDARD = "gnu++14";
				CLANG_CXX_LIBRARY = "libc++";
				CLANG_ENABLE_MODULES = YES;
				CLANG_ENABLE_OBJC_ARC = YES;
				CLANG_ENABLE_OBJC_WEAK = YES;
				CLANG_WARN_BLOCK_CAPTURE_AUTORELEASING = YES;
				CLANG_WARN_BOOL_CONVERSION = YES;
				CLANG_WARN_COMMA = YES;
				CLANG_WARN_CONSTANT_CONVERSION = YES;
				CLANG_WARN_DEPRECATED_OBJC_IMPLEMENTATIONS = YES;
				CLANG_WARN_DIRECT_OBJC_ISA_USAGE = YES_ERROR;
				CLANG_WARN_DOCUMENTATION_COMMENTS = YES;
				CLANG_WARN_EMPTY_BODY = YES;
				CLANG_WARN_ENUM_CONVERSION = YES;
				CLANG_WARN_INFINITE_RECURSION = YES;
				CLANG_WARN_INT_CONVERSION = YES;
				CLANG_WARN_NON_LITERAL_NULL_CONVERSION = YES;
				CLANG_WARN_OBJC_IMPLICIT_RETAIN_SELF = YES;
				CLANG_WARN_OBJC_LITERAL_CONVERSION = YES;
				CLANG_WARN_OBJC_ROOT_CLASS = YES_ERROR;
				CLANG_WARN_QUOTED_INCLUDE_IN_FRAMEWORK_HEADER = YES;
				CLANG_WARN_RANGE_LOOP_ANALYSIS = YES;
				CLANG_WARN_STRICT_PROTOTYPES = YES;
				CLANG_WARN_SUSPICIOUS_MOVE = YES;
				CLANG_WARN_UNGUARDED_AVAILABILITY = YES_AGGRESSIVE;
				CLANG_WARN_UNREACHABLE_CODE = YES;
				CLANG_WARN__DUPLICATE_METHOD_MATCH = YES;
				CODE_SIGN_STYLE = Automatic;
				COPY_PHASE_STRIP = NO;
				CURRENT_PROJECT_VERSION = 1;
				DEBUG_INFORMATION_FORMAT = "dwarf-with-dsym";
				DEVELOPMENT_TEAM = "";
				ENABLE_NS_ASSERTIONS = NO;
				ENABLE_STRICT_OBJC_MSGSEND = YES;
				GCC_C_LANGUAGE_STANDARD = gnu11;
				GCC_NO_COMMON_BLOCKS = YES;
				GCC_WARN_64_TO_32_BIT_CONVERSION = YES;
				GCC_WARN_ABOUT_RETURN_TYPE = YES_ERROR;
				GCC_WARN_UNDECLARED_SELECTOR = YES;
				GCC_WARN_UNINITIALIZED_AUTOS = YES_AGGRESSIVE;
				GCC_WARN_UNUSED_FUNCTION = YES;
				GCC_WARN_UNUSED_VARIABLE = YES;
				IPHONEOS_DEPLOYMENT_TARGET = 16.0;
				MARKETING_VERSION = 1.0.0;
				MTL_ENABLE_DEBUG_INFO = NO;
				MTL_FAST_MATH = YES;
				PRODUCT_NAME = "$(TARGET_NAME)";
				SDKROOT = iphoneos;
				SWIFT_COMPILATION_MODE = wholemodule;
				SWIFT_OPTIMIZATION_LEVEL = "-O";
				SWIFT_VERSION = 5.0;
			};
			name = Release;
		};
		FF01BA99840CE2DEBEE6B7DE /* Release */ = {
			isa = XCBuildConfiguration;
			buildSettings = {
				ASSETCATALOG_COMPILER_APPICON_NAME = AppIcon;
				CODE_SIGN_IDENTITY = "iPhone Developer";
				GENERATE_INFOPLIST_FILE = YES;
				INFOPLIST_KEY_UIApplicationSceneManifest_Generation = YES;
				INFOPLIST_KEY_UIApplicationSupportsIndirectInputEvents = YES;
				INFOPLIST_KEY_UILaunchScreen_Generation = YES;
				INFOPLIST_KEY_UISupportedInterfaceOrientations_iPad = "UIInterfaceOrientationPortrait UIInterfaceOrientationPortraitUpsideDown UIInterfaceOrientationLandscapeLeft UIInterfaceOrientationLandscapeRight";
				INFOPLIST_KEY_UISupportedInterfaceOrientations_iPhone = "UIInterfaceOrientationPortrait UIInterfaceOrientationLandscapeLeft UIInterfaceOrientationLandscapeRight";
				LD_RUNPATH_SEARCH_PATHS = (
					"$(inherited)",
					"@executable_path/Frameworks",
				);
				PRODUCT_BUNDLE_IDENTIFIER = com.campreserv.admin;
				SDKROOT = iphoneos;
				SWIFT_EMIT_LOC_STRINGS = YES;
				TARGETED_DEVICE_FAMILY = "1,2";
			};
			name = Release;
		};
/* End XCBuildConfiguration section */

/* Begin XCConfigurationList section */
		36F2A30082088966967E0A0D /* Build configuration list for PBXNativeTarget "CampreservAdmin" */ = {
			isa = XCConfigurationList;
			buildConfigurations = (
				5E8B23F6A610A43E0DDB1F7F /* Debug */,
				FF01BA99840CE2DEBEE6B7DE /* Release */,
			);
			defaultConfigurationIsVisible = 0;
			defaultConfigurationName = Debug;
		};
		5A82BB9BEBCA60CAAB94D28E /* Build configuration list for PBXProject "CampreservAdmin" */ = {
			isa = XCConfigurationList;
			buildConfigurations = (
				76A09EC5BCE44AB0567CEE8E /* Debug */,
				B28A2CB106EBDE4BE19488B7 /* Release */,
			);
			defaultConfigurationIsVisible = 0;
			defaultConfigurationName = Debug;
		};
/* End XCConfigurationList section */

/* Begin XCLocalSwiftPackageReference section */
		D56102E0E65143445142C68F /* XCLocalSwiftPackageReference "../Packages/CampreservCore" */ = {
			isa = XCLocalSwiftPackageReference;
			relativePath = ../Packages/CampreservCore;
		};
		DB6D8B1AA9C2BACA9B00FBB3 /* XCLocalSwiftPackageReference "../Packages/CampreservUI" */ = {
			isa = XCLocalSwiftPackageReference;
			relativePath = ../Packages/CampreservUI;
		};
/* End XCLocalSwiftPackageReference section */

/* Begin XCSwiftPackageProductDependency section */
		288B44F7598B36DB00270198 /* CampreservCore */ = {
			isa = XCSwiftPackageProductDependency;
			productName = CampreservCore;
		};
		691F645BF969C0A72C1B533D /* CampreservUI */ = {
			isa = XCSwiftPackageProductDependency;
			productName = CampreservUI;
		};
/* End XCSwiftPackageProductDependency section */
	};
	rootObject = E72F16E7FE5DBED7B9E4FCA7 /* Project object */;
}
